
Microsoft Visual Studio Solution File, Format Version 12.00
# Visual Studio Version 17
VisualStudioVersion = 17.14.36414.22
MinimumVisualStudioVersion = 10.0.40219.1
Project("{FAE04EC0-301F-11D3-BF4B-00C04F79EFBC}") = "API", "API\API.csproj", "{34117FA6-5F1B-45BC-9952-86DB6EAEE75D}"
EndProject
Project("{FAE04EC0-301F-11D3-BF4B-00C04F79EFBC}") = "Infrastructure", "Infrastructure\Infrastructure.csproj", "{B3DA4C52-78BA-4CBE-9D28-FEC71F7B74D6}"
EndProject
Project("{FAE04EC0-301F-11D3-BF4B-00C04F79EFBC}") = "Core", "Core\Core.csproj", "{D4829146-2F79-4215-A73E-E7E1554BDAE0}"
EndProject
Project("{FAE04EC0-301F-11D3-BF4B-00C04F79EFBC}") = "Application", "Application\Application.csproj", "{18847485-0592-4021-9438-6558A7D4597E}"
EndProject
Project("{2150E333-8FDC-42A3-9474-1A3956D46DE8}") = "Elementos de la solución", "Elementos de la solución", "{D107F4C8-89CC-BEA8-D3D7-CA6B7733353D}"
	ProjectSection(SolutionItems) = preProject
		VariablesProduccion.txt = VariablesProduccion.txt
	EndProjectSection
EndProject
Global
	GlobalSection(SolutionConfigurationPlatforms) = preSolution
		Debug|Any CPU = Debug|Any CPU
		Release|Any CPU = Release|Any CPU
	EndGlobalSection
	GlobalSection(ProjectConfigurationPlatforms) = postSolution
		{34117FA6-5F1B-45BC-9952-86DB6EAEE75D}.Debug|Any CPU.ActiveCfg = Debug|Any CPU
		{34117FA6-5F1B-45BC-9952-86DB6EAEE75D}.Debug|Any CPU.Build.0 = Debug|Any CPU
		{34117FA6-5F1B-45BC-9952-86DB6EAEE75D}.Release|Any CPU.ActiveCfg = Release|Any CPU
		{34117FA6-5F1B-45BC-9952-86DB6EAEE75D}.Release|Any CPU.Build.0 = Release|Any CPU
		{B3DA4C52-78BA-4CBE-9D28-FEC71F7B74D6}.Debug|Any CPU.ActiveCfg = Debug|Any CPU
		{B3DA4C52-78BA-4CBE-9D28-FEC71F7B74D6}.Debug|Any CPU.Build.0 = Debug|Any CPU
		{B3DA4C52-78BA-4CBE-9D28-FEC71F7B74D6}.Release|Any CPU.ActiveCfg = Release|Any CPU
		{B3DA4C52-78BA-4CBE-9D28-FEC71F7B74D6}.Release|Any CPU.Build.0 = Release|Any CPU
		{D4829146-2F79-4215-A73E-E7E1554BDAE0}.Debug|Any CPU.ActiveCfg = Debug|Any CPU
		{D4829146-2F79-4215-A73E-E7E1554BDAE0}.Debug|Any CPU.Build.0 = Debug|Any CPU
		{D4829146-2F79-4215-A73E-E7E1554BDAE0}.Release|Any CPU.ActiveCfg = Release|Any CPU
		{D4829146-2F79-4215-A73E-E7E1554BDAE0}.Release|Any CPU.Build.0 = Release|Any CPU
		{18847485-0592-4021-9438-6558A7D4597E}.Debug|Any CPU.ActiveCfg = Debug|Any CPU
		{18847485-0592-4021-9438-6558A7D4597E}.Debug|Any CPU.Build.0 = Debug|Any CPU
		{18847485-0592-4021-9438-6558A7D4597E}.Release|Any CPU.ActiveCfg = Release|Any CPU
		{18847485-0592-4021-9438-6558A7D4597E}.Release|Any CPU.Build.0 = Release|Any CPU
	EndGlobalSection
	GlobalSection(SolutionProperties) = preSolution
		HideSolutionNode = FALSE
	EndGlobalSection
	GlobalSection(ExtensibilityGlobals) = postSolution
		SolutionGuid = {0ADCCBC1-CBEF-444E-896C-5CF9DB405479}
	EndGlobalSection
EndGlobal
